PODS:
  - NetworkingProtocol (0.3.0)
  - RxSwift (5.0.0)

DEPENDENCIES:
  - NetworkingProtocol (~> 0.3.0)
  - RxSwift (~> 5.0)

SPEC REPOS:
  https://github.com/cocoapods/specs.git:
    - NetworkingProtocol
    - RxSwift

SPEC CHECKSUMS:
  NetworkingProtocol: a5893c45252a0e6e5cb33cea409a3851587d3ea8
  RxSwift: 8b0671caa829a763bbce7271095859121cbd895f

PODFILE CHECKSUM: f699b65177e3fd37d411f770851306958c8157f4

COCOAPODS: 1.6.1
