// !$*UTF8*$!
{
	archiveVersion = 1;
	classes = {
	};
	objectVersion = 50;
	objects = {

/* Begin PBXBuildFile section */
		970253BA5EF036E98E2CEF54 /* Pods_RxNetworkingProtocol.framework in Frameworks */ = {isa = PBXBuildFile; fileRef = DE78BCAC3CB5DA8578DED20F /* Pods_RxNetworkingProtocol.framework */; };
		E221DDE122004BAA00C76790 /* RxNetworkingProtocol.framework in Frameworks */ = {isa = PBXBuildFile; fileRef = E221DDD722004BAA00C76790 /* RxNetworkingProtocol.framework */; };
		E221DDE622004BAA00C76790 /* RxNetworkingProtocolTests.swift in Sources */ = {isa = PBXBuildFile; fileRef = E221DDE522004BAA00C76790 /* RxNetworkingProtocolTests.swift */; };
		E221DDE822004BAA00C76790 /* RxNetworkingProtocol.h in Headers */ = {isa = PBXBuildFile; fileRef = E221DDDA22004BAA00C76790 /* RxNetworkingProtocol.h */; settings = {ATTRIBUTES = (Public, ); }; };
		E221DDF222004BCE00C76790 /* Reactive+NetworkingProtocol.swift in Sources */ = {isa = PBXBuildFile; fileRef = E221DDF122004BCE00C76790 /* Reactive+NetworkingProtocol.swift */; };
/* End PBXBuildFile section */

/* Begin PBXContainerItemProxy section */
		E221DDE222004BAA00C76790 /* PBXContainerItemProxy */ = {
			isa = PBXContainerItemProxy;
			containerPortal = E221DDCE22004BAA00C76790 /* Project object */;
			proxyType = 1;
			remoteGlobalIDString = E221DDD622004BAA00C76790;
			remoteInfo = RxNetworkingProtocol;
		};
/* End PBXContainerItemProxy section */

/* Begin PBXFileReference section */
		055F3C95512AB6FDE70C31A7 /* Pods-RxNetworkingProtocol.release.xcconfig */ = {isa = PBXFileReference; includeInIndex = 1; lastKnownFileType = text.xcconfig; name = "Pods-RxNetworkingProtocol.release.xcconfig"; path = "Pods/Target Support Files/Pods-RxNetworkingProtocol/Pods-RxNetworkingProtocol.release.xcconfig"; sourceTree = "<group>"; };
		4A1B85EECE931F64D5BD0E26 /* Pods-RxNetworkingProtocol.debug.xcconfig */ = {isa = PBXFileReference; includeInIndex = 1; lastKnownFileType = text.xcconfig; name = "Pods-RxNetworkingProtocol.debug.xcconfig"; path = "Pods/Target Support Files/Pods-RxNetworkingProtocol/Pods-RxNetworkingProtocol.debug.xcconfig"; sourceTree = "<group>"; };
		DE78BCAC3CB5DA8578DED20F /* Pods_RxNetworkingProtocol.framework */ = {isa = PBXFileReference; explicitFileType = wrapper.framework; includeInIndex = 0; path = Pods_RxNetworkingProtocol.framework; sourceTree = BUILT_PRODUCTS_DIR; };
		E221DDD722004BAA00C76790 /* RxNetworkingProtocol.framework */ = {isa = PBXFileReference; explicitFileType = wrapper.framework; includeInIndex = 0; path = RxNetworkingProtocol.framework; sourceTree = BUILT_PRODUCTS_DIR; };
		E221DDDA22004BAA00C76790 /* RxNetworkingProtocol.h */ = {isa = PBXFileReference; lastKnownFileType = sourcecode.c.h; path = RxNetworkingProtocol.h; sourceTree = "<group>"; };
		E221DDDB22004BAA00C76790 /* Info.plist */ = {isa = PBXFileReference; lastKnownFileType = text.plist.xml; path = Info.plist; sourceTree = "<group>"; };
		E221DDE022004BAA00C76790 /* RxNetworkingProtocolTests.xctest */ = {isa = PBXFileReference; explicitFileType = wrapper.cfbundle; includeInIndex = 0; path = RxNetworkingProtocolTests.xctest; sourceTree = BUILT_PRODUCTS_DIR; };
		E221DDE522004BAA00C76790 /* RxNetworkingProtocolTests.swift */ = {isa = PBXFileReference; lastKnownFileType = sourcecode.swift; path = RxNetworkingProtocolTests.swift; sourceTree = "<group>"; };
		E221DDE722004BAA00C76790 /* Info.plist */ = {isa = PBXFileReference; lastKnownFileType = text.plist.xml; path = Info.plist; sourceTree = "<group>"; };
		E221DDF122004BCE00C76790 /* Reactive+NetworkingProtocol.swift */ = {isa = PBXFileReference; fileEncoding = 4; lastKnownFileType = sourcecode.swift; path = "Reactive+NetworkingProtocol.swift"; sourceTree = "<group>"; };
/* End PBXFileReference section */

/* Begin PBXFrameworksBuildPhase section */
		E221DDD422004BAA00C76790 /* Frameworks */ = {
			isa = PBXFrameworksBuildPhase;
			buildActionMask = 2147483647;
			files = (
				970253BA5EF036E98E2CEF54 /* Pods_RxNetworkingProtocol.framework in Frameworks */,
			);
			runOnlyForDeploymentPostprocessing = 0;
		};
		E221DDDD22004BAA00C76790 /* Frameworks */ = {
			isa = PBXFrameworksBuildPhase;
			buildActionMask = 2147483647;
			files = (
				E221DDE122004BAA00C76790 /* RxNetworkingProtocol.framework in Frameworks */,
			);
			runOnlyForDeploymentPostprocessing = 0;
		};
/* End PBXFrameworksBuildPhase section */

/* Begin PBXGroup section */
		586D291E68376FFB45057AED /* Frameworks */ = {
			isa = PBXGroup;
			children = (
				DE78BCAC3CB5DA8578DED20F /* Pods_RxNetworkingProtocol.framework */,
			);
			name = Frameworks;
			sourceTree = "<group>";
		};
		A65ABE6E7D8A8E071CF5E7DA /* Pods */ = {
			isa = PBXGroup;
			children = (
				4A1B85EECE931F64D5BD0E26 /* Pods-RxNetworkingProtocol.debug.xcconfig */,
				055F3C95512AB6FDE70C31A7 /* Pods-RxNetworkingProtocol.release.xcconfig */,
			);
			name = Pods;
			sourceTree = "<group>";
		};
		E221DDCD22004BAA00C76790 = {
			isa = PBXGroup;
			children = (
				E221DDD922004BAA00C76790 /* RxNetworkingProtocol */,
				E221DDE422004BAA00C76790 /* RxNetworkingProtocolTests */,
				E221DDD822004BAA00C76790 /* Products */,
				A65ABE6E7D8A8E071CF5E7DA /* Pods */,
				586D291E68376FFB45057AED /* Frameworks */,
			);
			sourceTree = "<group>";
		};
		E221DDD822004BAA00C76790 /* Products */ = {
			isa = PBXGroup;
			children = (
				E221DDD722004BAA00C76790 /* RxNetworkingProtocol.framework */,
				E221DDE022004BAA00C76790 /* RxNetworkingProtocolTests.xctest */,
			);
			name = Products;
			sourceTree = "<group>";
		};
		E221DDD922004BAA00C76790 /* RxNetworkingProtocol */ = {
			isa = PBXGroup;
			children = (
				E221DDDA22004BAA00C76790 /* RxNetworkingProtocol.h */,
				E221DDF122004BCE00C76790 /* Reactive+NetworkingProtocol.swift */,
				E221DDDB22004BAA00C76790 /* Info.plist */,
			);
			path = RxNetworkingProtocol;
			sourceTree = "<group>";
		};
		E221DDE422004BAA00C76790 /* RxNetworkingProtocolTests */ = {
			isa = PBXGroup;
			children = (
				E221DDE522004BAA00C76790 /* RxNetworkingProtocolTests.swift */,
				E221DDE722004BAA00C76790 /* Info.plist */,
			);
			path = RxNetworkingProtocolTests;
			sourceTree = "<group>";
		};
/* End PBXGroup section */

/* Begin PBXHeadersBuildPhase section */
		E221DDD222004BAA00C76790 /* Headers */ = {
			isa = PBXHeadersBuildPhase;
			buildActionMask = 2147483647;
			files = (
				E221DDE822004BAA00C76790 /* RxNetworkingProtocol.h in Headers */,
			);
			runOnlyForDeploymentPostprocessing = 0;
		};
/* End PBXHeadersBuildPhase section */

/* Begin PBXNativeTarget section */
		E221DDD622004BAA00C76790 /* RxNetworkingProtocol */ = {
			isa = PBXNativeTarget;
			buildConfigurationList = E221DDEB22004BAA00C76790 /* Build configuration list for PBXNativeTarget "RxNetworkingProtocol" */;
			buildPhases = (
				614A7017ED15F676B355932B /* [CP] Check Pods Manifest.lock */,
				E221DDD222004BAA00C76790 /* Headers */,
				E221DDD322004BAA00C76790 /* Sources */,
				E221DDD422004BAA00C76790 /* Frameworks */,
				E221DDD522004BAA00C76790 /* Resources */,
			);
			buildRules = (
			);
			dependencies = (
			);
			name = RxNetworkingProtocol;
			productName = RxNetworkingProtocol;
			productReference = E221DDD722004BAA00C76790 /* RxNetworkingProtocol.framework */;
			productType = "com.apple.product-type.framework";
		};
		E221DDDF22004BAA00C76790 /* RxNetworkingProtocolTests */ = {
			isa = PBXNativeTarget;
			buildConfigurationList = E221DDEE22004BAA00C76790 /* Build configuration list for PBXNativeTarget "RxNetworkingProtocolTests" */;
			buildPhases = (
				E221DDDC22004BAA00C76790 /* Sources */,
				E221DDDD22004BAA00C76790 /* Frameworks */,
				E221DDDE22004BAA00C76790 /* Resources */,
			);
			buildRules = (
			);
			dependencies = (
				E221DDE322004BAA00C76790 /* PBXTargetDependency */,
			);
			name = RxNetworkingProtocolTests;
			productName = RxNetworkingProtocolTests;
			productReference = E221DDE022004BAA00C76790 /* RxNetworkingProtocolTests.xctest */;
			productType = "com.apple.product-type.bundle.unit-test";
		};
/* End PBXNativeTarget section */

/* Begin PBXProject section */
		E221DDCE22004BAA00C76790 /* Project object */ = {
			isa = PBXProject;
			attributes = {
				LastSwiftUpdateCheck = 1010;
				LastUpgradeCheck = 1010;
				ORGANIZATIONNAME = "Patryk Mikolajczyk";
				TargetAttributes = {
					E221DDD622004BAA00C76790 = {
						CreatedOnToolsVersion = 10.1;
						LastSwiftMigration = 1020;
					};
					E221DDDF22004BAA00C76790 = {
						CreatedOnToolsVersion = 10.1;
						LastSwiftMigration = 1020;
					};
				};
			};
			buildConfigurationList = E221DDD122004BAA00C76790 /* Build configuration list for PBXProject "RxNetworkingProtocol" */;
			compatibilityVersion = "Xcode 9.3";
			developmentRegion = en;
			hasScannedForEncodings = 0;
			knownRegions = (
				en,
			);
			mainGroup = E221DDCD22004BAA00C76790;
			productRefGroup = E221DDD822004BAA00C76790 /* Products */;
			projectDirPath = "";
			projectRoot = "";
			targets = (
				E221DDD622004BAA00C76790 /* RxNetworkingProtocol */,
				E221DDDF22004BAA00C76790 /* RxNetworkingProtocolTests */,
			);
		};
/* End PBXProject section */

/* Begin PBXResourcesBuildPhase section */
		E221DDD522004BAA00C76790 /* Resources */ = {
			isa = PBXResourcesBuildPhase;
			buildActionMask = 2147483647;
			files = (
			);
			runOnlyForDeploymentPostprocessing = 0;
		};
		E221DDDE22004BAA00C76790 /* Resources */ = {
			isa = PBXResourcesBuildPhase;
			buildActionMask = 2147483647;
			files = (
			);
			runOnlyForDeploymentPostprocessing = 0;
		};
/* End PBXResourcesBuildPhase section */

/* Begin PBXShellScriptBuildPhase section */
		614A7017ED15F676B355932B /* [CP] Check Pods Manifest.lock */ = {
			isa = PBXShellScriptBuildPhase;
			buildActionMask = 2147483647;
			files = (
			);
			inputFileListPaths = (
			);
			inputPaths = (
				"${PODS_PODFILE_DIR_PATH}/Podfile.lock",
				"${PODS_ROOT}/Manifest.lock",
			);
			name = "[CP] Check Pods Manifest.lock";
			outputFileListPaths = (
			);
			outputPaths = (
				"$(DERIVED_FILE_DIR)/Pods-RxNetworkingProtocol-checkManifestLockResult.txt",
			);
			runOnlyForDeploymentPostprocessing = 0;
			shellPath = /bin/sh;
			shellScript = "diff \"${PODS_PODFILE_DIR_PATH}/Podfile.lock\" \"${PODS_ROOT}/Manifest.lock\" > /dev/null\nif [ $? != 0 ] ; then\n    # print error to STDERR\n    echo \"error: The sandbox is not in sync with the Podfile.lock. Run 'pod install' or update your CocoaPods installation.\" >&2\n    exit 1\nfi\n# This output is used by Xcode 'outputs' to avoid re-running this script phase.\necho \"SUCCESS\" > \"${SCRIPT_OUTPUT_FILE_0}\"\n";
			showEnvVarsInLog = 0;
		};
/* End PBXShellScriptBuildPhase section */

/* Begin PBXSourcesBuildPhase section */
		E221DDD322004BAA00C76790 /* Sources */ = {
			isa = PBXSourcesBuildPhase;
			buildActionMask = 2147483647;
			files = (
				E221DDF222004BCE00C76790 /* Reactive+NetworkingProtocol.swift in Sources */,
			);
			runOnlyForDeploymentPostprocessing = 0;
		};
		E221DDDC22004BAA00C76790 /* Sources */ = {
			isa = PBXSourcesBuildPhase;
			buildActionMask = 2147483647;
			files = (
				E221DDE622004BAA00C76790 /* RxNetworkingProtocolTests.swift in Sources */,
			);
			runOnlyForDeploymentPostprocessing = 0;
		};
/* End PBXSourcesBuildPhase section */

/* Begin PBXTargetDependency section */
		E221DDE322004BAA00C76790 /* PBXTargetDependency */ = {
			isa = PBXTargetDependency;
			target = E221DDD622004BAA00C76790 /* RxNetworkingProtocol */;
			targetProxy = E221DDE222004BAA00C76790 /* PBXContainerItemProxy */;
		};
/* End PBXTargetDependency section */

/* Begin XCBuildConfiguration section */
		E221DDE922004BAA00C76790 /* Debug */ = {
			isa = XCBuildConfiguration;
			buildSettings = {
				ALWAYS_SEARCH_USER_PATHS = NO;
				CLANG_ANALYZER_NONNULL = YES;
				CLANG_ANALYZER_NUMBER_OBJECT_CONVERSION = YES_AGGRESSIVE;
				CLANG_CXX_LANGUAGE_STANDARD = "gnu++14";
				CLANG_CXX_LIBRARY = "libc++";
				CLANG_ENABLE_MODULES = YES;
				CLANG_ENABLE_OBJC_ARC = YES;
				CLANG_ENABLE_OBJC_WEAK = YES;
				CLANG_WARN_BLOCK_CAPTURE_AUTORELEASING = YES;
				CLANG_WARN_BOOL_CONVERSION = YES;
				CLANG_WARN_COMMA = YES;
				CLANG_WARN_CONSTANT_CONVERSION = YES;
				CLANG_WARN_DEPRECATED_OBJC_IMPLEMENTATIONS = YES;
				CLANG_WARN_DIRECT_OBJC_ISA_USAGE = YES_ERROR;
				CLANG_WARN_DOCUMENTATION_COMMENTS = YES;
				CLANG_WARN_EMPTY_BODY = YES;
				CLANG_WARN_ENUM_CONVERSION = YES;
				CLANG_WARN_INFINITE_RECURSION = YES;
				CLANG_WARN_INT_CONVERSION = YES;
				CLANG_WARN_NON_LITERAL_NULL_CONVERSION = YES;
				CLANG_WARN_OBJC_IMPLICIT_RETAIN_SELF = YES;
				CLANG_WARN_OBJC_LITERAL_CONVERSION = YES;
				CLANG_WARN_OBJC_ROOT_CLASS = YES_ERROR;
				CLANG_WARN_RANGE_LOOP_ANALYSIS = YES;
				CLANG_WARN_STRICT_PROTOTYPES = YES;
				CLANG_WARN_SUSPICIOUS_MOVE = YES;
				CLANG_WARN_UNGUARDED_AVAILABILITY = YES_AGGRESSIVE;
				CLANG_WARN_UNREACHABLE_CODE = YES;
				CLANG_WARN__DUPLICATE_METHOD_MATCH = YES;
				CODE_SIGN_IDENTITY = "iPhone Developer";
				COPY_PHASE_STRIP = NO;
				CURRENT_PROJECT_VERSION = 1;
				DEBUG_INFORMATION_FORMAT = dwarf;
				ENABLE_STRICT_OBJC_MSGSEND = YES;
				ENABLE_TESTABILITY = YES;
				GCC_C_LANGUAGE_STANDARD = gnu11;
				GCC_DYNAMIC_NO_PIC = NO;
				GCC_NO_COMMON_BLOCKS = YES;
				GCC_OPTIMIZATION_LEVEL = 0;
				GCC_PREPROCESSOR_DEFINITIONS = (
					"DEBUG=1",
					"$(inherited)",
				);
				GCC_WARN_64_TO_32_BIT_CONVERSION = YES;
				GCC_WARN_ABOUT_RETURN_TYPE = YES_ERROR;
				GCC_WARN_UNDECLARED_SELECTOR = YES;
				GCC_WARN_UNINITIALIZED_AUTOS = YES_AGGRESSIVE;
				GCC_WARN_UNUSED_FUNCTION = YES;
				GCC_WARN_UNUSED_VARIABLE = YES;
				IPHONEOS_DEPLOYMENT_TARGET = 12.1;
				MTL_ENABLE_DEBUG_INFO = INCLUDE_SOURCE;
				MTL_FAST_MATH = YES;
				ONLY_ACTIVE_ARCH = YES;
				SDKROOT = iphoneos;
				SWIFT_ACTIVE_COMPILATION_CONDITIONS = DEBUG;
				SWIFT_OPTIMIZATION_LEVEL = "-Onone";
				VERSIONING_SYSTEM = "apple-generic";
				VERSION_INFO_PREFIX = "";
			};
			name = Debug;
		};
		E221DDEA22004BAA00C76790 /* Release */ = {
			isa = XCBuildConfiguration;
			buildSettings = {
				ALWAYS_SEARCH_USER_PATHS = NO;
				CLANG_ANALYZER_NONNULL = YES;
				CLANG_ANALYZER_NUMBER_OBJECT_CONVERSION = YES_AGGRESSIVE;
				CLANG_CXX_LANGUAGE_STANDARD = "gnu++14";
				CLANG_CXX_LIBRARY = "libc++";
				CLANG_ENABLE_MODULES = YES;
				CLANG_ENABLE_OBJC_ARC = YES;
				CLANG_ENABLE_OBJC_WEAK = YES;
				CLANG_WARN_BLOCK_CAPTURE_AUTORELEASING = YES;
				CLANG_WARN_BOOL_CONVERSION = YES;
				CLANG_WARN_COMMA = YES;
				CLANG_WARN_CONSTANT_CONVERSION = YES;
				CLANG_WARN_DEPRECATED_OBJC_IMPLEMENTATIONS = YES;
				CLANG_WARN_DIRECT_OBJC_ISA_USAGE = YES_ERROR;
				CLANG_WARN_DOCUMENTATION_COMMENTS = YES;
				CLANG_WARN_EMPTY_BODY = YES;
				CLANG_WARN_ENUM_CONVERSION = YES;
				CLANG_WARN_INFINITE_RECURSION = YES;
				CLANG_WARN_INT_CONVERSION = YES;
				CLANG_WARN_NON_LITERAL_NULL_CONVERSION = YES;
				CLANG_WARN_OBJC_IMPLICIT_RETAIN_SELF = YES;
				CLANG_WARN_OBJC_LITERAL_CONVERSION = YES;
				CLANG_WARN_OBJC_ROOT_CLASS = YES_ERROR;
				CLANG_WARN_RANGE_LOOP_ANALYSIS = YES;
				CLANG_WARN_STRICT_PROTOTYPES = YES;
				CLANG_WARN_SUSPICIOUS_MOVE = YES;
				CLANG_WARN_UNGUARDED_AVAILABILITY = YES_AGGRESSIVE;
				CLANG_WARN_UNREACHABLE_CODE = YES;
				CLANG_WARN__DUPLICATE_METHOD_MATCH = YES;
				CODE_SIGN_IDENTITY = "iPhone Developer";
				COPY_PHASE_STRIP = NO;
				CURRENT_PROJECT_VERSION = 1;
				DEBUG_INFORMATION_FORMAT = "dwarf-with-dsym";
				ENABLE_NS_ASSERTIONS = NO;
				ENABLE_STRICT_OBJC_MSGSEND = YES;
				GCC_C_LANGUAGE_STANDARD = gnu11;
				GCC_NO_COMMON_BLOCKS = YES;
				GCC_WARN_64_TO_32_BIT_CONVERSION = YES;
				GCC_WARN_ABOUT_RETURN_TYPE = YES_ERROR;
				GCC_WARN_UNDECLARED_SELECTOR = YES;
				GCC_WARN_UNINITIALIZED_AUTOS = YES_AGGRESSIVE;
				GCC_WARN_UNUSED_FUNCTION = YES;
				GCC_WARN_UNUSED_VARIABLE = YES;
				IPHONEOS_DEPLOYMENT_TARGET = 12.1;
				MTL_ENABLE_DEBUG_INFO = NO;
				MTL_FAST_MATH = YES;
				SDKROOT = iphoneos;
				SWIFT_COMPILATION_MODE = wholemodule;
				SWIFT_OPTIMIZATION_LEVEL = "-O";
				VALIDATE_PRODUCT = YES;
				VERSIONING_SYSTEM = "apple-generic";
				VERSION_INFO_PREFIX = "";
			};
			name = Release;
		};
		E221DDEC22004BAA00C76790 /* Debug */ = {
			isa = XCBuildConfiguration;
			baseConfigurationReference = 4A1B85EECE931F64D5BD0E26 /* Pods-RxNetworkingProtocol.debug.xcconfig */;
			buildSettings = {
				CLANG_ENABLE_MODULES = YES;
				CODE_SIGN_IDENTITY = "";
				CODE_SIGN_STYLE = Automatic;
				DEFINES_MODULE = YES;
				DEVELOPMENT_TEAM = QY2CZZWBU6;
				DYLIB_COMPATIBILITY_VERSION = 1;
				DYLIB_CURRENT_VERSION = 1;
				DYLIB_INSTALL_NAME_BASE = "@rpath";
				INFOPLIST_FILE = RxNetworkingProtocol/Info.plist;
				INSTALL_PATH = "$(LOCAL_LIBRARY_DIR)/Frameworks";
				IPHONEOS_DEPLOYMENT_TARGET = 10.0;
				LD_RUNPATH_SEARCH_PATHS = (
					"$(inherited)",
					"@executable_path/Frameworks",
					"@loader_path/Frameworks",
				);
				PRODUCT_BUNDLE_IDENTIFIER = patrykmikolajczyk.RxNetworkingProtocol;
				PRODUCT_NAME = "$(TARGET_NAME:c99extidentifier)";
				SKIP_INSTALL = YES;
				SWIFT_OPTIMIZATION_LEVEL = "-Onone";
				SWIFT_VERSION = 5.0;
				TARGETED_DEVICE_FAMILY = "1,2";
				TVOS_DEPLOYMENT_TARGET = 10.0;
			};
			name = Debug;
		};
		E221DDED22004BAA00C76790 /* Release */ = {
			isa = XCBuildConfiguration;
			baseConfigurationReference = 055F3C95512AB6FDE70C31A7 /* Pods-RxNetworkingProtocol.release.xcconfig */;
			buildSettings = {
				CLANG_ENABLE_MODULES = YES;
				CODE_SIGN_IDENTITY = "";
				CODE_SIGN_STYLE = Automatic;
				DEFINES_MODULE = YES;
				DEVELOPMENT_TEAM = QY2CZZWBU6;
				DYLIB_COMPATIBILITY_VERSION = 1;
				DYLIB_CURRENT_VERSION = 1;
				DYLIB_INSTALL_NAME_BASE = "@rpath";
				INFOPLIST_FILE = RxNetworkingProtocol/Info.plist;
				INSTALL_PATH = "$(LOCAL_LIBRARY_DIR)/Frameworks";
				IPHONEOS_DEPLOYMENT_TARGET = 10.0;
				LD_RUNPATH_SEARCH_PATHS = (
					"$(inherited)",
					"@executable_path/Frameworks",
					"@loader_path/Frameworks",
				);
				PRODUCT_BUNDLE_IDENTIFIER = patrykmikolajczyk.RxNetworkingProtocol;
				PRODUCT_NAME = "$(TARGET_NAME:c99extidentifier)";
				SKIP_INSTALL = YES;
				SWIFT_VERSION = 5.0;
				TARGETED_DEVICE_FAMILY = "1,2";
				TVOS_DEPLOYMENT_TARGET = 10.0;
			};
			name = Release;
		};
		E221DDEF22004BAA00C76790 /* Debug */ = {
			isa = XCBuildConfiguration;
			buildSettings = {
				ALWAYS_EMBED_SWIFT_STANDARD_LIBRARIES = YES;
				CODE_SIGN_STYLE = Automatic;
				DEVELOPMENT_TEAM = QY2CZZWBU6;
				INFOPLIST_FILE = RxNetworkingProtocolTests/Info.plist;
				LD_RUNPATH_SEARCH_PATHS = (
					"$(inherited)",
					"@executable_path/Frameworks",
					"@loader_path/Frameworks",
				);
				PRODUCT_BUNDLE_IDENTIFIER = patrykmikolajczyk.RxNetworkingProtocolTests;
				PRODUCT_NAME = "$(TARGET_NAME)";
				SWIFT_VERSION = 5.0;
				TARGETED_DEVICE_FAMILY = "1,2";
			};
			name = Debug;
		};
		E221DDF022004BAA00C76790 /* Release */ = {
			isa = XCBuildConfiguration;
			buildSettings = {
				ALWAYS_EMBED_SWIFT_STANDARD_LIBRARIES = YES;
				CODE_SIGN_STYLE = Automatic;
				DEVELOPMENT_TEAM = QY2CZZWBU6;
				INFOPLIST_FILE = RxNetworkingProtocolTests/Info.plist;
				LD_RUNPATH_SEARCH_PATHS = (
					"$(inherited)",
					"@executable_path/Frameworks",
					"@loader_path/Frameworks",
				);
				PRODUCT_BUNDLE_IDENTIFIER = patrykmikolajczyk.RxNetworkingProtocolTests;
				PRODUCT_NAME = "$(TARGET_NAME)";
				SWIFT_VERSION = 5.0;
				TARGETED_DEVICE_FAMILY = "1,2";
			};
			name = Release;
		};
/* End XCBuildConfiguration section */

/* Begin XCConfigurationList section */
		E221DDD122004BAA00C76790 /* Build configuration list for PBXProject "RxNetworkingProtocol" */ = {
			isa = XCConfigurationList;
			buildConfigurations = (
				E221DDE922004BAA00C76790 /* Debug */,
				E221DDEA22004BAA00C76790 /* Release */,
			);
			defaultConfigurationIsVisible = 0;
			defaultConfigurationName = Release;
		};
		E221DDEB22004BAA00C76790 /* Build configuration list for PBXNativeTarget "RxNetworkingProtocol" */ = {
			isa = XCConfigurationList;
			buildConfigurations = (
				E221DDEC22004BAA00C76790 /* Debug */,
				E221DDED22004BAA00C76790 /* Release */,
			);
			defaultConfigurationIsVisible = 0;
			defaultConfigurationName = Release;
		};
		E221DDEE22004BAA00C76790 /* Build configuration list for PBXNativeTarget "RxNetworkingProtocolTests" */ = {
			isa = XCConfigurationList;
			buildConfigurations = (
				E221DDEF22004BAA00C76790 /* Debug */,
				E221DDF022004BAA00C76790 /* Release */,
			);
			defaultConfigurationIsVisible = 0;
			defaultConfigurationName = Release;
		};
/* End XCConfigurationList section */
	};
	rootObject = E221DDCE22004BAA00C76790 /* Project object */;
}
